// !$*UTF8*$!
{
	archiveVersion = 1;
	classes = {
	};
	objectVersion = 55;
	objects = {

/* Begin PBXBuildFile section */
		1A64730F28F41FFB0063A71B /* AppDelegate.swift in Sources */ = {isa = PBXBuildFile; fileRef = 1A64730E28F41FFB0063A71B /* AppDelegate.swift */; };
		1A64731128F41FFB0063A71B /* SceneDelegate.swift in Sources */ = {isa = PBXBuildFile; fileRef = 1A64731028F41FFB0063A71B /* SceneDelegate.swift */; };
		1A64731328F41FFB0063A71B /* ViewController.swift in Sources */ = {isa = PBXBuildFile; fileRef = 1A64731228F41FFB0063A71B /* ViewController.swift */; };
		1A64731628F41FFB0063A71B /* Main.storyboard in Resources */ = {isa = PBXBuildFile; fileRef = 1A64731428F41FFB0063A71B /* Main.storyboard */; };
		1A64731828F41FFE0063A71B /* Assets.xcassets in Resources */ = {isa = PBXBuildFile; fileRef = 1A64731728F41FFE0063A71B /* Assets.xcassets */; };
		1A64731B28F41FFE0063A71B /* LaunchScreen.storyboard in Resources */ = {isa = PBXBuildFile; fileRef = 1A64731928F41FFE0063A71B /* LaunchScreen.storyboard */; };
		1A64732C28F427C70063A71B /* Button.swift in Sources */ = {isa = PBXBuildFile; fileRef = 1A64732B28F427C70063A71B /* Button.swift */; };
		1A64733028F4294C0063A71B /* SFProDisplay-Regular.ttf in Resources */ = {isa = PBXBuildFile; fileRef = 1A64732E28F4294B0063A71B /* SFProDisplay-Regular.ttf */; };
		1A64733128F4294C0063A71B /* SFProDisplay-Bold.ttf in Resources */ = {isa = PBXBuildFile; fileRef = 1A64732F28F4294B0063A71B /* SFProDisplay-Bold.ttf */; };
		1A64733328F429DE0063A71B /* Resources.swift in Sources */ = {isa = PBXBuildFile; fileRef = 1A64733228F429DE0063A71B /* Resources.swift */; };
		1A95BCAA29002DE700F65EF1 /* UIColor+HEX.swift in Sources */ = {isa = PBXBuildFile; fileRef = 1A95BCA929002DE700F65EF1 /* UIColor+HEX.swift */; };
		1AFBAE2C28F57208008DBB94 /* LocalizableString.strings in Resources */ = {isa = PBXBuildFile; fileRef = 1AFBAE2B28F57208008DBB94 /* LocalizableString.strings */; };
		1AFBAE2E28F57397008DBB94 /* Menu.xib in Resources */ = {isa = PBXBuildFile; fileRef = 1AFBAE2D28F57397008DBB94 /* Menu.xib */; };
		1AFBAE3028F573F2008DBB94 /* Menu.swift in Sources */ = {isa = PBXBuildFile; fileRef = 1AFBAE2F28F573F2008DBB94 /* Menu.swift */; };
		1AFBAE3328F57637008DBB94 /* UIView+LoadNib.swift in Sources */ = {isa = PBXBuildFile; fileRef = 1AFBAE3228F57637008DBB94 /* UIView+LoadNib.swift */; };
		1AFBAE3728F65B9C008DBB94 /* TrainingViewController.swift in Sources */ = {isa = PBXBuildFile; fileRef = 1AFBAE3628F65B9C008DBB94 /* TrainingViewController.swift */; };
		1AFBAE3928F65BEC008DBB94 /* GameViewController.swift in Sources */ = {isa = PBXBuildFile; fileRef = 1AFBAE3828F65BEC008DBB94 /* GameViewController.swift */; };
		1AFBAE4628F6C80A008DBB94 /* Training.storyboard in Resources */ = {isa = PBXBuildFile; fileRef = 1AFBAE4428F6C80A008DBB94 /* Training.storyboard */; };
		1AFBAE4928F6C8B6008DBB94 /* Game.storyboard in Resources */ = {isa = PBXBuildFile; fileRef = 1AFBAE4828F6C8B6008DBB94 /* Game.storyboard */; };
		1AFBAE4C28F6CD98008DBB94 /* CircleView.xib in Resources */ = {isa = PBXBuildFile; fileRef = 1AFBAE4B28F6CD98008DBB94 /* CircleView.xib */; };
		1AFBAE4E28F6CDFB008DBB94 /* CircleView.swift in Sources */ = {isa = PBXBuildFile; fileRef = 1AFBAE4D28F6CDFB008DBB94 /* CircleView.swift */; };
/* End PBXBuildFile section */

/* Begin PBXFileReference section */
		1A64730B28F41FFB0063A71B /* Bubbles.app */ = {isa = PBXFileReference; explicitFileType = wrapper.application; includeInIndex = 0; path = Bubbles.app; sourceTree = BUILT_PRODUCTS_DIR; };
		1A64730E28F41FFB0063A71B /* AppDelegate.swift */ = {isa = PBXFileReference; lastKnownFileType = sourcecode.swift; path = AppDelegate.swift; sourceTree = "<group>"; };
		1A64731028F41FFB0063A71B /* SceneDelegate.swift */ = {isa = PBXFileReference; lastKnownFileType = sourcecode.swift; path = SceneDelegate.swift; sourceTree = "<group>"; };
		1A64731228F41FFB0063A71B /* ViewController.swift */ = {isa = PBXFileReference; lastKnownFileType = sourcecode.swift; path = ViewController.swift; sourceTree = "<group>"; };
		1A64731528F41FFB0063A71B /* Base */ = {isa = PBXFileReference; lastKnownFileType = file.storyboard; name = Base; path = Base.lproj/Main.storyboard; sourceTree = "<group>"; };
		1A64731728F41FFE0063A71B /* Assets.xcassets */ = {isa = PBXFileReference; lastKnownFileType = folder.assetcatalog; path = Assets.xcassets; sourceTree = "<group>"; };
		1A64731A28F41FFE0063A71B /* Base */ = {isa = PBXFileReference; lastKnownFileType = file.storyboard; name = Base; path = Base.lproj/LaunchScreen.storyboard; sourceTree = "<group>"; };
		1A64731C28F41FFE0063A71B /* Info.plist */ = {isa = PBXFileReference; lastKnownFileType = text.plist.xml; path = Info.plist; sourceTree = "<group>"; };
		1A64732B28F427C70063A71B /* Button.swift */ = {isa = PBXFileReference; lastKnownFileType = sourcecode.swift; path = Button.swift; sourceTree = "<group>"; };
		1A64732E28F4294B0063A71B /* SFProDisplay-Regular.ttf */ = {isa = PBXFileReference; lastKnownFileType = file; path = "SFProDisplay-Regular.ttf"; sourceTree = "<group>"; };
		1A64732F28F4294B0063A71B /* SFProDisplay-Bold.ttf */ = {isa = PBXFileReference; lastKnownFileType = file; path = "SFProDisplay-Bold.ttf"; sourceTree = "<group>"; };
		1A64733228F429DE0063A71B /* Resources.swift */ = {isa = PBXFileReference; lastKnownFileType = sourcecode.swift; path = Resources.swift; sourceTree = "<group>"; };
		1A95BCA929002DE700F65EF1 /* UIColor+HEX.swift */ = {isa = PBXFileReference; lastKnownFileType = sourcecode.swift; path = "UIColor+HEX.swift"; sourceTree = "<group>"; };
		1AFBAE2B28F57208008DBB94 /* LocalizableString.strings */ = {isa = PBXFileReference; lastKnownFileType = text.plist.strings; path = LocalizableString.strings; sourceTree = "<group>"; };
		1AFBAE2D28F57397008DBB94 /* Menu.xib */ = {isa = PBXFileReference; lastKnownFileType = file.xib; path = Menu.xib; sourceTree = "<group>"; };
		1AFBAE2F28F573F2008DBB94 /* Menu.swift */ = {isa = PBXFileReference; lastKnownFileType = sourcecode.swift; path = Menu.swift; sourceTree = "<group>"; };
		1AFBAE3228F57637008DBB94 /* UIView+LoadNib.swift */ = {isa = PBXFileReference; lastKnownFileType = sourcecode.swift; path = "UIView+LoadNib.swift"; sourceTree = "<group>"; };
		1AFBAE3628F65B9C008DBB94 /* TrainingViewController.swift */ = {isa = PBXFileReference; lastKnownFileType = sourcecode.swift; path = TrainingViewController.swift; sourceTree = "<group>"; };
		1AFBAE3828F65BEC008DBB94 /* GameViewController.swift */ = {isa = PBXFileReference; lastKnownFileType = sourcecode.swift; path = GameViewController.swift; sourceTree = "<group>"; };
		1AFBAE4528F6C80A008DBB94 /* Base */ = {isa = PBXFileReference; lastKnownFileType = file.storyboard; name = Base; path = Bubbles/MainScreen/Controllers/Base.lproj/Training.storyboard; sourceTree = "<group>"; };
		1AFBAE4828F6C8B6008DBB94 /* Game.storyboard */ = {isa = PBXFileReference; fileEncoding = 4; lastKnownFileType = file.storyboard; path = Game.storyboard; sourceTree = "<group>"; };
		1AFBAE4B28F6CD98008DBB94 /* CircleView.xib */ = {isa = PBXFileReference; lastKnownFileType = file.xib; path = CircleView.xib; sourceTree = "<group>"; };
		1AFBAE4D28F6CDFB008DBB94 /* CircleView.swift */ = {isa = PBXFileReference; lastKnownFileType = sourcecode.swift; path = CircleView.swift; sourceTree = "<group>"; };
/* End PBXFileReference section */

/* Begin PBXFrameworksBuildPhase section */
		1A64730828F41FFB0063A71B /* Frameworks */ = {
			isa = PBXFrameworksBuildPhase;
			buildActionMask = 2147483647;
			files = (
			);
			runOnlyForDeploymentPostprocessing = 0;
		};
/* End PBXFrameworksBuildPhase section */

/* Begin PBXGroup section */
		1A64730228F41FFB0063A71B = {
			isa = PBXGroup;
			children = (
				1A64730D28F41FFB0063A71B /* Bubbles */,
				1A64730C28F41FFB0063A71B /* Products */,
			);
			sourceTree = "<group>";
		};
		1A64730C28F41FFB0063A71B /* Products */ = {
			isa = PBXGroup;
			children = (
				1A64730B28F41FFB0063A71B /* Bubbles.app */,
			);
			name = Products;
			sourceTree = "<group>";
		};
		1A64730D28F41FFB0063A71B /* Bubbles */ = {
			isa = PBXGroup;
			children = (
				1A64732428F420F10063A71B /* MainScreen */,
				1A64732528F4210E0063A71B /* TrainingScreen */,
				1A64732628F421510063A71B /* GameScreen */,
				1A64732328F420CA0063A71B /* Resources */,
				1A64732228F420B30063A71B /* SupportingFiles */,
			);
			path = Bubbles;
			sourceTree = "<group>";
		};
		1A64732228F420B30063A71B /* SupportingFiles */ = {
			isa = PBXGroup;
			children = (
				1A64731928F41FFE0063A71B /* LaunchScreen.storyboard */,
				1A64731C28F41FFE0063A71B /* Info.plist */,
				1A64732728F421710063A71B /* App */,
			);
			path = SupportingFiles;
			sourceTree = "<group>";
		};
		1A64732328F420CA0063A71B /* Resources */ = {
			isa = PBXGroup;
			children = (
				1AFBAE3128F575F6008DBB94 /* Extension */,
				1A64732D28F4294B0063A71B /* Fonts */,
				1A64731728F41FFE0063A71B /* Assets.xcassets */,
				1A64733228F429DE0063A71B /* Resources.swift */,
				1AFBAE2B28F57208008DBB94 /* LocalizableString.strings */,
			);
			path = Resources;
			sourceTree = "<group>";
		};
		1A64732428F420F10063A71B /* MainScreen */ = {
			isa = PBXGroup;
			children = (
				1A64732A28F427A90063A71B /* Views */,
				1A64732828F421960063A71B /* Controllers */,
			);
			path = MainScreen;
			sourceTree = "<group>";
		};
		1A64732528F4210E0063A71B /* TrainingScreen */ = {
			isa = PBXGroup;
			children = (
				1AFBAE4A28F6CB76008DBB94 /* Views */,
				1AFBAE4728F6C80F008DBB94 /* Controllers */,
			);
			path = TrainingScreen;
			sourceTree = "<group>";
		};
		1A64732628F421510063A71B /* GameScreen */ = {
			isa = PBXGroup;
			children = (
				1AFBAE3A28F6C358008DBB94 /* Views */,
				1AFBAE3B28F6C366008DBB94 /* Controllers */,
			);
			path = GameScreen;
			sourceTree = "<group>";
		};
		1A64732728F421710063A71B /* App */ = {
			isa = PBXGroup;
			children = (
				1A64730E28F41FFB0063A71B /* AppDelegate.swift */,
				1A64731028F41FFB0063A71B /* SceneDelegate.swift */,
			);
			path = App;
			sourceTree = "<group>";
		};
		1A64732828F421960063A71B /* Controllers */ = {
			isa = PBXGroup;
			children = (
				1A64731228F41FFB0063A71B /* ViewController.swift */,
				1A64731428F41FFB0063A71B /* Main.storyboard */,
			);
			path = Controllers;
			sourceTree = "<group>";
		};
		1A64732A28F427A90063A71B /* Views */ = {
			isa = PBXGroup;
			children = (
				1AFBAE3428F589AB008DBB94 /* Menu */,
			);
			path = Views;
			sourceTree = "<group>";
		};
		1A64732D28F4294B0063A71B /* Fonts */ = {
			isa = PBXGroup;
			children = (
				1A64732E28F4294B0063A71B /* SFProDisplay-Regular.ttf */,
				1A64732F28F4294B0063A71B /* SFProDisplay-Bold.ttf */,
			);
			path = Fonts;
			sourceTree = "<group>";
		};
		1AFBAE3128F575F6008DBB94 /* Extension */ = {
			isa = PBXGroup;
			children = (
				1AFBAE3228F57637008DBB94 /* UIView+LoadNib.swift */,
				1A95BCA929002DE700F65EF1 /* UIColor+HEX.swift */,
			);
			path = Extension;
			sourceTree = "<group>";
		};
		1AFBAE3428F589AB008DBB94 /* Menu */ = {
			isa = PBXGroup;
			children = (
				1AFBAE2F28F573F2008DBB94 /* Menu.swift */,
				1AFBAE2D28F57397008DBB94 /* Menu.xib */,
				1AFBAE3528F589BC008DBB94 /* Button */,
			);
			path = Menu;
			sourceTree = "<group>";
		};
		1AFBAE3528F589BC008DBB94 /* Button */ = {
			isa = PBXGroup;
			children = (
				1A64732B28F427C70063A71B /* Button.swift */,
			);
			path = Button;
			sourceTree = "<group>";
		};
		1AFBAE3A28F6C358008DBB94 /* Views */ = {
			isa = PBXGroup;
			children = (
			);
			path = Views;
			sourceTree = "<group>";
		};
		1AFBAE3B28F6C366008DBB94 /* Controllers */ = {
			isa = PBXGroup;
			children = (
				1AFBAE4828F6C8B6008DBB94 /* Game.storyboard */,
				1AFBAE3828F65BEC008DBB94 /* GameViewController.swift */,
			);
			path = Controllers;
			sourceTree = "<group>";
		};
		1AFBAE4728F6C80F008DBB94 /* Controllers */ = {
			isa = PBXGroup;
			children = (
				1AFBAE4428F6C80A008DBB94 /* Training.storyboard */,
				1AFBAE3628F65B9C008DBB94 /* TrainingViewController.swift */,
			);
			path = Controllers;
			sourceTree = "<group>";
		};
		1AFBAE4A28F6CB76008DBB94 /* Views */ = {
			isa = PBXGroup;
			children = (
				1AFBAE4B28F6CD98008DBB94 /* CircleView.xib */,
				1AFBAE4D28F6CDFB008DBB94 /* CircleView.swift */,
			);
			path = Views;
			sourceTree = "<group>";
		};
/* End PBXGroup section */

/* Begin PBXNativeTarget section */
		1A64730A28F41FFB0063A71B /* Bubbles */ = {
			isa = PBXNativeTarget;
			buildConfigurationList = 1A64731F28F41FFE0063A71B /* Build configuration list for PBXNativeTarget "Bubbles" */;
			buildPhases = (
				1A64730728F41FFB0063A71B /* Sources */,
				1A64730828F41FFB0063A71B /* Frameworks */,
				1A64732928F424960063A71B /* Swift Lint */,
				1A64730928F41FFB0063A71B /* Resources */,
			);
			buildRules = (
			);
			dependencies = (
			);
			name = Bubbles;
			productName = Bubbles;
			productReference = 1A64730B28F41FFB0063A71B /* Bubbles.app */;
			productType = "com.apple.product-type.application";
		};
/* End PBXNativeTarget section */

/* Begin PBXProject section */
		1A64730328F41FFB0063A71B /* Project object */ = {
			isa = PBXProject;
			attributes = {
				BuildIndependentTargetsInParallel = 1;
				LastSwiftUpdateCheck = 1340;
				LastUpgradeCheck = 1340;
				TargetAttributes = {
					1A64730A28F41FFB0063A71B = {
						CreatedOnToolsVersion = 13.4.1;
					};
				};
			};
			buildConfigurationList = 1A64730628F41FFB0063A71B /* Build configuration list for PBXProject "Bubbles" */;
			compatibilityVersion = "Xcode 13.0";
			developmentRegion = en;
			hasScannedForEncodings = 0;
			knownRegions = (
				en,
				Base,
			);
			mainGroup = 1A64730228F41FFB0063A71B;
			productRefGroup = 1A64730C28F41FFB0063A71B /* Products */;
			projectDirPath = "";
			projectRoot = "";
			targets = (
				1A64730A28F41FFB0063A71B /* Bubbles */,
			);
		};
/* End PBXProject section */

/* Begin PBXResourcesBuildPhase section */
		1A64730928F41FFB0063A71B /* Resources */ = {
			isa = PBXResourcesBuildPhase;
			buildActionMask = 2147483647;
			files = (
				1A64731B28F41FFE0063A71B /* LaunchScreen.storyboard in Resources */,
				1AFBAE2E28F57397008DBB94 /* Menu.xib in Resources */,
				1A64731828F41FFE0063A71B /* Assets.xcassets in Resources */,
				1AFBAE4928F6C8B6008DBB94 /* Game.storyboard in Resources */,
				1A64733128F4294C0063A71B /* SFProDisplay-Bold.ttf in Resources */,
				1A64731628F41FFB0063A71B /* Main.storyboard in Resources */,
				1AFBAE2C28F57208008DBB94 /* LocalizableString.strings in Resources */,
				1AFBAE4628F6C80A008DBB94 /* Training.storyboard in Resources */,
				1AFBAE4C28F6CD98008DBB94 /* CircleView.xib in Resources */,
				1A64733028F4294C0063A71B /* SFProDisplay-Regular.ttf in Resources */,
			);
			runOnlyForDeploymentPostprocessing = 0;
		};
/* End PBXResourcesBuildPhase section */

/* Begin PBXShellScriptBuildPhase section */
		1A64732928F424960063A71B /* Swift Lint */ = {
			isa = PBXShellScriptBuildPhase;
			alwaysOutOfDate = 1;
			buildActionMask = 2147483647;
			files = (
			);
			inputFileListPaths = (
			);
			inputPaths = (
			);
			name = "Swift Lint";
			outputFileListPaths = (
			);
			outputPaths = (
			);
			runOnlyForDeploymentPostprocessing = 0;
			shellPath = /bin/sh;
			shellScript = "if which swiftlint >/dev/null; then\n  swiftlint\nelse\n  echo \"error: SwiftLint does not exist, download it from https://github.com/realm/SwiftLint\"\n  exit 1\nfi\n";
		};
/* End PBXShellScriptBuildPhase section */

/* Begin PBXSourcesBuildPhase section */
		1A64730728F41FFB0063A71B /* Sources */ = {
			isa = PBXSourcesBuildPhase;
			buildActionMask = 2147483647;
			files = (
				1A95BCAA29002DE700F65EF1 /* UIColor+HEX.swift in Sources */,
				1A64731328F41FFB0063A71B /* ViewController.swift in Sources */,
				1AFBAE3328F57637008DBB94 /* UIView+LoadNib.swift in Sources */,
				1A64730F28F41FFB0063A71B /* AppDelegate.swift in Sources */,
				1AFBAE3028F573F2008DBB94 /* Menu.swift in Sources */,
				1AFBAE3928F65BEC008DBB94 /* GameViewController.swift in Sources */,
				1A64731128F41FFB0063A71B /* SceneDelegate.swift in Sources */,
				1AFBAE4E28F6CDFB008DBB94 /* CircleView.swift in Sources */,
				1AFBAE3728F65B9C008DBB94 /* TrainingViewController.swift in Sources */,
				1A64733328F429DE0063A71B /* Resources.swift in Sources */,
				1A64732C28F427C70063A71B /* Button.swift in Sources */,
			);
			runOnlyForDeploymentPostprocessing = 0;
		};
/* End PBXSourcesBuildPhase section */

/* Begin PBXVariantGroup section */
		1A64731428F41FFB0063A71B /* Main.storyboard */ = {
			isa = PBXVariantGroup;
			children = (
				1A64731528F41FFB0063A71B /* Base */,
			);
			name = Main.storyboard;
			sourceTree = "<group>";
		};
		1A64731928F41FFE0063A71B /* LaunchScreen.storyboard */ = {
			isa = PBXVariantGroup;
			children = (
				1A64731A28F41FFE0063A71B /* Base */,
			);
			name = LaunchScreen.storyboard;
			sourceTree = "<group>";
		};
		1AFBAE4428F6C80A008DBB94 /* Training.storyboard */ = {
			isa = PBXVariantGroup;
			children = (
				1AFBAE4528F6C80A008DBB94 /* Base */,
			);
			name = Training.storyboard;
			sourceTree = "<group>";
		};
/* End PBXVariantGroup section */

/* Begin XCBuildConfiguration section */
		1A64731D28F41FFE0063A71B /* Debug */ = {
			isa = XCBuildConfiguration;
			buildSettings = {
				ALWAYS_SEARCH_USER_PATHS = NO;
				CLANG_ANALYZER_NONNULL = YES;
				CLANG_ANALYZER_NUMBER_OBJECT_CONVERSION = YES_AGGRESSIVE;
				CLANG_CXX_LANGUAGE_STANDARD = "gnu++17";
				CLANG_ENABLE_MODULES = YES;
				CLANG_ENABLE_OBJC_ARC = YES;
				CLANG_ENABLE_OBJC_WEAK = YES;
				CLANG_WARN_BLOCK_CAPTURE_AUTORELEASING = YES;
				CLANG_WARN_BOOL_CONVERSION = YES;
				CLANG_WARN_COMMA = YES;
				CLANG_WARN_CONSTANT_CONVERSION = YES;
				CLANG_WARN_DEPRECATED_OBJC_IMPLEMENTATIONS = YES;
				CLANG_WARN_DIRECT_OBJC_ISA_USAGE = YES_ERROR;
				CLANG_WARN_DOCUMENTATION_COMMENTS = YES;
				CLANG_WARN_EMPTY_BODY = YES;
				CLANG_WARN_ENUM_CONVERSION = YES;
				CLANG_WARN_INFINITE_RECURSION = YES;
				CLANG_WARN_INT_CONVERSION = YES;
				CLANG_WARN_NON_LITERAL_NULL_CONVERSION = YES;
				CLANG_WARN_OBJC_IMPLICIT_RETAIN_SELF = YES;
				CLANG_WARN_OBJC_LITERAL_CONVERSION = YES;
				CLANG_WARN_OBJC_ROOT_CLASS = YES_ERROR;
				CLANG_WARN_QUOTED_INCLUDE_IN_FRAMEWORK_HEADER = YES;
				CLANG_WARN_RANGE_LOOP_ANALYSIS = YES;
				CLANG_WARN_STRICT_PROTOTYPES = YES;
				CLANG_WARN_SUSPICIOUS_MOVE = YES;
				CLANG_WARN_UNGUARDED_AVAILABILITY = YES_AGGRESSIVE;
				CLANG_WARN_UNREACHABLE_CODE = YES;
				CLANG_WARN__DUPLICATE_METHOD_MATCH = YES;
				COPY_PHASE_STRIP = NO;
				DEBUG_INFORMATION_FORMAT = dwarf;
				ENABLE_STRICT_OBJC_MSGSEND = YES;
				ENABLE_TESTABILITY = YES;
				GCC_C_LANGUAGE_STANDARD = gnu11;
				GCC_DYNAMIC_NO_PIC = NO;
				GCC_NO_COMMON_BLOCKS = YES;
				GCC_OPTIMIZATION_LEVEL = 0;
				GCC_PREPROCESSOR_DEFINITIONS = (
					"DEBUG=1",
					"$(inherited)",
				);
				GCC_WARN_64_TO_32_BIT_CONVERSION = YES;
				GCC_WARN_ABOUT_RETURN_TYPE = YES_ERROR;
				GCC_WARN_UNDECLARED_SELECTOR = YES;
				GCC_WARN_UNINITIALIZED_AUTOS = YES_AGGRESSIVE;
				GCC_WARN_UNUSED_FUNCTION = YES;
				GCC_WARN_UNUSED_VARIABLE = YES;
				IPHONEOS_DEPLOYMENT_TARGET = 14.0;
				MTL_ENABLE_DEBUG_INFO = INCLUDE_SOURCE;
				MTL_FAST_MATH = YES;
				ONLY_ACTIVE_ARCH = YES;
				SDKROOT = iphoneos;
				SWIFT_ACTIVE_COMPILATION_CONDITIONS = DEBUG;
				SWIFT_OPTIMIZATION_LEVEL = "-Onone";
			};
			name = Debug;
		};
		1A64731E28F41FFE0063A71B /* Release */ = {
			isa = XCBuildConfiguration;
			buildSettings = {
				ALWAYS_SEARCH_USER_PATHS = NO;
				CLANG_ANALYZER_NONNULL = YES;
				CLANG_ANALYZER_NUMBER_OBJECT_CONVERSION = YES_AGGRESSIVE;
				CLANG_CXX_LANGUAGE_STANDARD = "gnu++17";
				CLANG_ENABLE_MODULES = YES;
				CLANG_ENABLE_OBJC_ARC = YES;
				CLANG_ENABLE_OBJC_WEAK = YES;
				CLANG_WARN_BLOCK_CAPTURE_AUTORELEASING = YES;
				CLANG_WARN_BOOL_CONVERSION = YES;
				CLANG_WARN_COMMA = YES;
				CLANG_WARN_CONSTANT_CONVERSION = YES;
				CLANG_WARN_DEPRECATED_OBJC_IMPLEMENTATIONS = YES;
				CLANG_WARN_DIRECT_OBJC_ISA_USAGE = YES_ERROR;
				CLANG_WARN_DOCUMENTATION_COMMENTS = YES;
				CLANG_WARN_EMPTY_BODY = YES;
				CLANG_WARN_ENUM_CONVERSION = YES;
				CLANG_WARN_INFINITE_RECURSION = YES;
				CLANG_WARN_INT_CONVERSION = YES;
				CLANG_WARN_NON_LITERAL_NULL_CONVERSION = YES;
				CLANG_WARN_OBJC_IMPLICIT_RETAIN_SELF = YES;
				CLANG_WARN_OBJC_LITERAL_CONVERSION = YES;
				CLANG_WARN_OBJC_ROOT_CLASS = YES_ERROR;
				CLANG_WARN_QUOTED_INCLUDE_IN_FRAMEWORK_HEADER = YES;
				CLANG_WARN_RANGE_LOOP_ANALYSIS = YES;
				CLANG_WARN_STRICT_PROTOTYPES = YES;
				CLANG_WARN_SUSPICIOUS_MOVE = YES;
				CLANG_WARN_UNGUARDED_AVAILABILITY = YES_AGGRESSIVE;
				CLANG_WARN_UNREACHABLE_CODE = YES;
				CLANG_WARN__DUPLICATE_METHOD_MATCH = YES;
				COPY_PHASE_STRIP = NO;
				DEBUG_INFORMATION_FORMAT = "dwarf-with-dsym";
				ENABLE_NS_ASSERTIONS = NO;
				ENABLE_STRICT_OBJC_MSGSEND = YES;
				GCC_C_LANGUAGE_STANDARD = gnu11;
				GCC_NO_COMMON_BLOCKS = YES;
				GCC_WARN_64_TO_32_BIT_CONVERSION = YES;
				GCC_WARN_ABOUT_RETURN_TYPE = YES_ERROR;
				GCC_WARN_UNDECLARED_SELECTOR = YES;
				GCC_WARN_UNINITIALIZED_AUTOS = YES_AGGRESSIVE;
				GCC_WARN_UNUSED_FUNCTION = YES;
				GCC_WARN_UNUSED_VARIABLE = YES;
				IPHONEOS_DEPLOYMENT_TARGET = 14.0;
				MTL_ENABLE_DEBUG_INFO = NO;
				MTL_FAST_MATH = YES;
				SDKROOT = iphoneos;
				SWIFT_COMPILATION_MODE = wholemodule;
				SWIFT_OPTIMIZATION_LEVEL = "-O";
				VALIDATE_PRODUCT = YES;
			};
			name = Release;
		};
		1A64732028F41FFE0063A71B /* Debug */ = {
			isa = XCBuildConfiguration;
			buildSettings = {
				ASSETCATALOG_COMPILER_APPICON_NAME = AppIcon;
				ASSETCATALOG_COMPILER_GLOBAL_ACCENT_COLOR_NAME = AccentColor;
				CODE_SIGN_STYLE = Automatic;
				CURRENT_PROJECT_VERSION = 1;
				DEVELOPMENT_TEAM = 2TFP9B86SX;
				GENERATE_INFOPLIST_FILE = YES;
				INFOPLIST_FILE = Bubbles/SupportingFiles/Info.plist;
				INFOPLIST_KEY_UIApplicationSupportsIndirectInputEvents = YES;
				INFOPLIST_KEY_UILaunchStoryboardName = LaunchScreen;
				INFOPLIST_KEY_UIMainStoryboardFile = Main;
				INFOPLIST_KEY_UIStatusBarStyle = "";
				INFOPLIST_KEY_UISupportedInterfaceOrientations = UIInterfaceOrientationPortrait;
				INFOPLIST_KEY_UISupportedInterfaceOrientations_iPad = "UIInterfaceOrientationLandscapeLeft UIInterfaceOrientationLandscapeRight UIInterfaceOrientationPortrait UIInterfaceOrientationPortraitUpsideDown";
				IPHONEOS_DEPLOYMENT_TARGET = 14.0;
				LD_RUNPATH_SEARCH_PATHS = (
					"$(inherited)",
					"@executable_path/Frameworks",
				);
				MARKETING_VERSION = 1.0;
				PRODUCT_BUNDLE_IDENTIFIER = Inan.Bubbles;
				PRODUCT_NAME = "$(TARGET_NAME)";
				SWIFT_EMIT_LOC_STRINGS = YES;
				SWIFT_VERSION = 5.0;
				TARGETED_DEVICE_FAMILY = 1;
			};
			name = Debug;
		};
		1A64732128F41FFE0063A71B /* Release */ = {
			isa = XCBuildConfiguration;
			buildSettings = {
				ASSETCATALOG_COMPILER_APPICON_NAME = AppIcon;
				ASSETCATALOG_COMPILER_GLOBAL_ACCENT_COLOR_NAME = AccentColor;
				CODE_SIGN_STYLE = Automatic;
				CURRENT_PROJECT_VERSION = 1;
				DEVELOPMENT_TEAM = 2TFP9B86SX;
				GENERATE_INFOPLIST_FILE = YES;
				INFOPLIST_FILE = Bubbles/SupportingFiles/Info.plist;
				INFOPLIST_KEY_UIApplicationSupportsIndirectInputEvents = YES;
				INFOPLIST_KEY_UILaunchStoryboardName = LaunchScreen;
				INFOPLIST_KEY_UIMainStoryboardFile = Main;
				INFOPLIST_KEY_UIStatusBarStyle = "";
				INFOPLIST_KEY_UISupportedInterfaceOrientations = UIInterfaceOrientationPortrait;
				INFOPLIST_KEY_UISupportedInterfaceOrientations_iPad = "UIInterfaceOrientationLandscapeLeft UIInterfaceOrientationLandscapeRight UIInterfaceOrientationPortrait UIInterfaceOrientationPortraitUpsideDown";
				IPHONEOS_DEPLOYMENT_TARGET = 14.0;
				LD_RUNPATH_SEARCH_PATHS = (
					"$(inherited)",
					"@executable_path/Frameworks",
				);
				MARKETING_VERSION = 1.0;
				PRODUCT_BUNDLE_IDENTIFIER = Inan.Bubbles;
				PRODUCT_NAME = "$(TARGET_NAME)";
				SWIFT_EMIT_LOC_STRINGS = YES;
				SWIFT_VERSION = 5.0;
				TARGETED_DEVICE_FAMILY = 1;
			};
			name = Release;
		};
/* End XCBuildConfiguration section */

/* Begin XCConfigurationList section */
		1A64730628F41FFB0063A71B /* Build configuration list for PBXProject "Bubbles" */ = {
			isa = XCConfigurationList;
			buildConfigurations = (
				1A64731D28F41FFE0063A71B /* Debug */,
				1A64731E28F41FFE0063A71B /* Release */,
			);
			defaultConfigurationIsVisible = 0;
			defaultConfigurationName = Release;
		};
		1A64731F28F41FFE0063A71B /* Build configuration list for PBXNativeTarget "Bubbles" */ = {
			isa = XCConfigurationList;
			buildConfigurations = (
				1A64732028F41FFE0063A71B /* Debug */,
				1A64732128F41FFE0063A71B /* Release */,
			);
			defaultConfigurationIsVisible = 0;
			defaultConfigurationName = Release;
		};
/* End XCConfigurationList section */
	};
	rootObject = 1A64730328F41FFB0063A71B /* Project object */;
}
